// !$*UTF8*$!
{
	archiveVersion = 1;
	classes = {
	};
	objectVersion = 46;
	objects = {

/* Begin PBXBuildFile section */
		1CC7792F1CE9F71E00CE8F36 /* Main.storyboard in Resources */ = {isa = PBXBuildFile; fileRef = 1CC7792D1CE9F71E00CE8F36 /* Main.storyboard */; };
		1CC779311CE9F71E00CE8F36 /* Assets.xcassets in Resources */ = {isa = PBXBuildFile; fileRef = 1CC779301CE9F71E00CE8F36 /* Assets.xcassets */; };
		1CC779341CE9F71E00CE8F36 /* LaunchScreen.storyboard in Resources */ = {isa = PBXBuildFile; fileRef = 1CC779321CE9F71E00CE8F36 /* LaunchScreen.storyboard */; };
		1CC779431CE9F82200CE8F36 /* AppDelegate.swift in Sources */ = {isa = PBXBuildFile; fileRef = 1CC779411CE9F82200CE8F36 /* AppDelegate.swift */; };
		1CC779471CE9F96E00CE8F36 /* MusicListVC.swift in Sources */ = {isa = PBXBuildFile; fileRef = 1CC779461CE9F96E00CE8F36 /* MusicListVC.swift */; };
/* End PBXBuildFile section */

/* Begin PBXFileReference section */
		1CC779261CE9F71E00CE8F36 /* QQMusicD.app */ = {isa = PBXFileReference; explicitFileType = wrapper.application; includeInIndex = 0; path = QQMusicD.app; sourceTree = BUILT_PRODUCTS_DIR; };
		1CC7792E1CE9F71E00CE8F36 /* Base */ = {isa = PBXFileReference; lastKnownFileType = file.storyboard; name = Base; path = Base.lproj/Main.storyboard; sourceTree = "<group>"; };
		1CC779301CE9F71E00CE8F36 /* Assets.xcassets */ = {isa = PBXFileReference; lastKnownFileType = folder.assetcatalog; path = Assets.xcassets; sourceTree = "<group>"; };
		1CC779331CE9F71E00CE8F36 /* Base */ = {isa = PBXFileReference; lastKnownFileType = file.storyboard; name = Base; path = Base.lproj/LaunchScreen.storyboard; sourceTree = "<group>"; };
		1CC779411CE9F82200CE8F36 /* AppDelegate.swift */ = {isa = PBXFileReference; fileEncoding = 4; lastKnownFileType = sourcecode.swift; path = AppDelegate.swift; sourceTree = "<group>"; };
		1CC779451CE9F8FC00CE8F36 /* Info.plist */ = {isa = PBXFileReference; lastKnownFileType = text.plist.xml; path = Info.plist; sourceTree = "<group>"; };
		1CC779461CE9F96E00CE8F36 /* MusicListVC.swift */ = {isa = PBXFileReference; fileEncoding = 4; lastKnownFileType = sourcecode.swift; path = MusicListVC.swift; sourceTree = "<group>"; };
/* End PBXFileReference section */

/* Begin PBXFrameworksBuildPhase section */
		1CC779231CE9F71E00CE8F36 /* Frameworks */ = {
			isa = PBXFrameworksBuildPhase;
			buildActionMask = 2147483647;
			files = (
			);
			runOnlyForDeploymentPostprocessing = 0;
		};
/* End PBXFrameworksBuildPhase section */

/* Begin PBXGroup section */
		1CC7791D1CE9F71E00CE8F36 = {
			isa = PBXGroup;
			children = (
				1CC779281CE9F71E00CE8F36 /* QQMusicD */,
				1CC779271CE9F71E00CE8F36 /* Products */,
			);
			sourceTree = "<group>";
		};
		1CC779271CE9F71E00CE8F36 /* Products */ = {
			isa = PBXGroup;
			children = (
				1CC779261CE9F71E00CE8F36 /* QQMusicD.app */,
			);
			name = Products;
			sourceTree = "<group>";
		};
		1CC779281CE9F71E00CE8F36 /* QQMusicD */ = {
			isa = PBXGroup;
			children = (
				1CC7793B1CE9F82200CE8F36 /* Classes */,
				1CC779441CE9F82E00CE8F36 /* Resource */,
			);
			path = QQMusicD;
			sourceTree = "<group>";
		};
		1CC7793B1CE9F82200CE8F36 /* Classes */ = {
			isa = PBXGroup;
			children = (
				1CC7793C1CE9F82200CE8F36 /* MusicDetail */,
				1CC7793D1CE9F82200CE8F36 /* MusicList */,
				1CC7793E1CE9F82200CE8F36 /* Others */,
			);
			path = Classes;
			sourceTree = "<group>";
		};
		1CC7793C1CE9F82200CE8F36 /* MusicDetail */ = {
			isa = PBXGroup;
			children = (
			);
			path = MusicDetail;
			sourceTree = "<group>";
		};
		1CC7793D1CE9F82200CE8F36 /* MusicList */ = {
			isa = PBXGroup;
			children = (
				1CC779461CE9F96E00CE8F36 /* MusicListVC.swift */,
			);
			path = MusicList;
			sourceTree = "<group>";
		};
		1CC7793E1CE9F82200CE8F36 /* Others */ = {
			isa = PBXGroup;
			children = (
				1CC7793F1CE9F82200CE8F36 /* category */,
				1CC779401CE9F82200CE8F36 /* system */,
				1CC779421CE9F82200CE8F36 /* tool */,
			);
			path = Others;
			sourceTree = "<group>";
		};
		1CC7793F1CE9F82200CE8F36 /* category */ = {
			isa = PBXGroup;
			children = (
			);
			path = category;
			sourceTree = "<group>";
		};
		1CC779401CE9F82200CE8F36 /* system */ = {
			isa = PBXGroup;
			children = (
				1CC779411CE9F82200CE8F36 /* AppDelegate.swift */,
				1CC779451CE9F8FC00CE8F36 /* Info.plist */,
			);
			path = system;
			sourceTree = "<group>";
		};
		1CC779421CE9F82200CE8F36 /* tool */ = {
			isa = PBXGroup;
			children = (
			);
			path = tool;
			sourceTree = "<group>";
		};
		1CC779441CE9F82E00CE8F36 /* Resource */ = {
			isa = PBXGroup;
			children = (
				1CC7792D1CE9F71E00CE8F36 /* Main.storyboard */,
				1CC779301CE9F71E00CE8F36 /* Assets.xcassets */,
				1CC779321CE9F71E00CE8F36 /* LaunchScreen.storyboard */,
			);
			name = Resource;
			sourceTree = "<group>";
		};
/* End PBXGroup section */

/* Begin PBXNativeTarget section */
		1CC779251CE9F71E00CE8F36 /* QQMusicD */ = {
			isa = PBXNativeTarget;
			buildConfigurationList = 1CC779381CE9F71E00CE8F36 /* Build configuration list for PBXNativeTarget "QQMusicD" */;
			buildPhases = (
				1CC779221CE9F71E00CE8F36 /* Sources */,
				1CC779231CE9F71E00CE8F36 /* Frameworks */,
				1CC779241CE9F71E00CE8F36 /* Resources */,
			);
			buildRules = (
			);
			dependencies = (
			);
			name = QQMusicD;
			productName = QQMusicD;
			productReference = 1CC779261CE9F71E00CE8F36 /* QQMusicD.app */;
			productType = "com.apple.product-type.application";
		};
/* End PBXNativeTarget section */

/* Begin PBXProject section */
		1CC7791E1CE9F71E00CE8F36 /* Project object */ = {
			isa = PBXProject;
			attributes = {
				LastSwiftUpdateCheck = 0720;
				LastUpgradeCheck = 0720;
				ORGANIZATIONNAME = YuePr;
				TargetAttributes = {
					1CC779251CE9F71E00CE8F36 = {
						CreatedOnToolsVersion = 7.2;
					};
				};
			};
			buildConfigurationList = 1CC779211CE9F71E00CE8F36 /* Build configuration list for PBXProject "QQMusicD" */;
			compatibilityVersion = "Xcode 3.2";
			developmentRegion = English;
			hasScannedForEncodings = 0;
			knownRegions = (
				en,
				Base,
			);
			mainGroup = 1CC7791D1CE9F71E00CE8F36;
			productRefGroup = 1CC779271CE9F71E00CE8F36 /* Products */;
			projectDirPath = "";
			projectRoot = "";
			targets = (
				1CC779251CE9F71E00CE8F36 /* QQMusicD */,
			);
		};
/* End PBXProject section */

/* Begin PBXResourcesBuildPhase section */
		1CC779241CE9F71E00CE8F36 /* Resources */ = {
			isa = PBXResourcesBuildPhase;
			buildActionMask = 2147483647;
			files = (
				1CC779341CE9F71E00CE8F36 /* LaunchScreen.storyboard in Resources */,
				1CC779311CE9F71E00CE8F36 /* Assets.xcassets in Resources */,
				1CC7792F1CE9F71E00CE8F36 /* Main.storyboard in Resources */,
			);
			runOnlyForDeploymentPostprocessing = 0;
		};
/* End PBXResourcesBuildPhase section */

/* Begin PBXSourcesBuildPhase section */
		1CC779221CE9F71E00CE8F36 /* Sources */ = {
			isa = PBXSourcesBuildPhase;
			buildActionMask = 2147483647;
			files = (
				1CC779471CE9F96E00CE8F36 /* MusicListVC.swift in Sources */,
				1CC779431CE9F82200CE8F36 /* AppDelegate.swift in Sources */,
			);
			runOnlyForDeploymentPostprocessing = 0;
		};
/* End PBXSourcesBuildPhase section */

/* Begin PBXVariantGroup section */
		1CC7792D1CE9F71E00CE8F36 /* Main.storyboard */ = {
			isa = PBXVariantGroup;
			children = (
				1CC7792E1CE9F71E00CE8F36 /* Base */,
			);
			name = Main.storyboard;
			sourceTree = "<group>";
		};
		1CC779321CE9F71E00CE8F36 /* LaunchScreen.storyboard */ = {
			isa = PBXVariantGroup;
			children = (
				1CC779331CE9F71E00CE8F36 /* Base */,
			);
			name = LaunchScreen.storyboard;
			sourceTree = "<group>";
		};
/* End PBXVariantGroup section */

/* Begin XCBuildConfiguration section */
		1CC779361CE9F71E00CE8F36 /* Debug */ = {
			isa = XCBuildConfiguration;
			buildSettings = {
				ALWAYS_SEARCH_USER_PATHS = NO;
				CLANG_CXX_LANGUAGE_STANDARD = "gnu++0x";
				CLANG_CXX_LIBRARY = "libc++";
				CLANG_ENABLE_MODULES = YES;
				CLANG_ENABLE_OBJC_ARC = YES;
				CLANG_WARN_BOOL_CONVERSION = YES;
				CLANG_WARN_CONSTANT_CONVERSION = YES;
				CLANG_WARN_DIRECT_OBJC_ISA_USAGE = YES_ERROR;
				CLANG_WARN_EMPTY_BODY = YES;
				CLANG_WARN_ENUM_CONVERSION = YES;
				CLANG_WARN_INT_CONVERSION = YES;
				CLANG_WARN_OBJC_ROOT_CLASS = YES_ERROR;
				CLANG_WARN_UNREACHABLE_CODE = YES;
				CLANG_WARN__DUPLICATE_METHOD_MATCH = YES;
				"CODE_SIGN_IDENTITY[sdk=iphoneos*]" = "iPhone Developer";
				COPY_PHASE_STRIP = NO;
				DEBUG_INFORMATION_FORMAT = dwarf;
				ENABLE_STRICT_OBJC_MSGSEND = YES;
				ENABLE_TESTABILITY = YES;
				GCC_C_LANGUAGE_STANDARD = gnu99;
				GCC_DYNAMIC_NO_PIC = NO;
				GCC_NO_COMMON_BLOCKS = YES;
				GCC_OPTIMIZATION_LEVEL = 0;
				GCC_PREPROCESSOR_DEFINITIONS = (
					"DEBUG=1",
					"$(inherited)",
				);
				GCC_WARN_64_TO_32_BIT_CONVERSION = YES;
				GCC_WARN_ABOUT_RETURN_TYPE = YES_ERROR;
				GCC_WARN_UNDECLARED_SELECTOR = YES;
				GCC_WARN_UNINITIALIZED_AUTOS = YES_AGGRESSIVE;
				GCC_WARN_UNUSED_FUNCTION = YES;
				GCC_WARN_UNUSED_VARIABLE = YES;
				IPHONEOS_DEPLOYMENT_TARGET = 9.2;
				MTL_ENABLE_DEBUG_INFO = YES;
				ONLY_ACTIVE_ARCH = YES;
				SDKROOT = iphoneos;
				SWIFT_OPTIMIZATION_LEVEL = "-Onone";
			};
			name = Debug;
		};
		1CC779371CE9F71E00CE8F36 /* Release */ = {
			isa = XCBuildConfiguration;
			buildSettings = {
				ALWAYS_SEARCH_USER_PATHS = NO;
				CLANG_CXX_LANGUAGE_STANDARD = "gnu++0x";
				CLANG_CXX_LIBRARY = "libc++";
				CLANG_ENABLE_MODULES = YES;
				CLANG_ENABLE_OBJC_ARC = YES;
				CLANG_WARN_BOOL_CONVERSION = YES;
				CLANG_WARN_CONSTANT_CONVERSION = YES;
				CLANG_WARN_DIRECT_OBJC_ISA_USAGE = YES_ERROR;
				CLANG_WARN_EMPTY_BODY = YES;
				CLANG_WARN_ENUM_CONVERSION = YES;
				CLANG_WARN_INT_CONVERSION = YES;
				CLANG_WARN_OBJC_ROOT_CLASS = YES_ERROR;
				CLANG_WARN_UNREACHABLE_CODE = YES;
				CLANG_WARN__DUPLICATE_METHOD_MATCH = YES;
				"CODE_SIGN_IDENTITY[sdk=iphoneos*]" = "iPhone Developer";
				COPY_PHASE_STRIP = NO;
				DEBUG_INFORMATION_FORMAT = "dwarf-with-dsym";
				ENABLE_NS_ASSERTIONS = NO;
				ENABLE_STRICT_OBJC_MSGSEND = YES;
				GCC_C_LANGUAGE_STANDARD = gnu99;
				GCC_NO_COMMON_BLOCKS = YES;
				GCC_WARN_64_TO_32_BIT_CONVERSION = YES;
				GCC_WARN_ABOUT_RETURN_TYPE = YES_ERROR;
				GCC_WARN_UNDECLARED_SELECTOR = YES;
				GCC_WARN_UNINITIALIZED_AUTOS = YES_AGGRESSIVE;
				GCC_WARN_UNUSED_FUNCTION = YES;
				GCC_WARN_UNUSED_VARIABLE = YES;
				IPHONEOS_DEPLOYMENT_TARGET = 9.2;
				MTL_ENABLE_DEBUG_INFO = NO;
				SDKROOT = iphoneos;
				VALIDATE_PRODUCT = YES;
			};
			name = Release;
		};
		1CC779391CE9F71E00CE8F36 /* Debug */ = {
			isa = XCBuildConfiguration;
			buildSettings = {
				ASSETCATALOG_COMPILER_APPICON_NAME = AppIcon;
				ASSETCATALOG_COMPILER_LAUNCHIMAGE_NAME = "Brand Assets";
				INFOPLIST_FILE = "$(SRCROOT)/QQMusicD/Classes/Others/system/Info.plist";
				IPHONEOS_DEPLOYMENT_TARGET = 7.0;
				LD_RUNPATH_SEARCH_PATHS = "$(inherited) @executable_path/Frameworks";
				PRODUCT_BUNDLE_IDENTIFIER = com.yep.QQMusicD;
				PRODUCT_NAME = "$(TARGET_NAME)";
			};
			name = Debug;
		};
		1CC7793A1CE9F71E00CE8F36 /* Release */ = {
			isa = XCBuildConfiguration;
			buildSettings = {
				ASSETCATALOG_COMPILER_APPICON_NAME = AppIcon;
				ASSETCATALOG_COMPILER_LAUNCHIMAGE_NAME = "Brand Assets";
				INFOPLIST_FILE = "$(SRCROOT)/QQMusicD/Classes/Others/system/Info.plist";
				IPHONEOS_DEPLOYMENT_TARGET = 7.0;
				LD_RUNPATH_SEARCH_PATHS = "$(inherited) @executable_path/Frameworks";
				PRODUCT_BUNDLE_IDENTIFIER = com.yep.QQMusicD;
				PRODUCT_NAME = "$(TARGET_NAME)";
			};
			name = Release;
		};
/* End XCBuildConfiguration section */

/* Begin XCConfigurationList section */
		1CC779211CE9F71E00CE8F36 /* Build configuration list for PBXProject "QQMusicD" */ = {
			isa = XCConfigurationList;
			buildConfigurations = (
				1CC779361CE9F71E00CE8F36 /* Debug */,
				1CC779371CE9F71E00CE8F36 /* Release */,
			);
			defaultConfigurationIsVisible = 0;
			defaultConfigurationName = Release;
		};
		1CC779381CE9F71E00CE8F36 /* Build configuration list for PBXNativeTarget "QQMusicD" */ = {
			isa = XCConfigurationList;
			buildConfigurations = (
				1CC779391CE9F71E00CE8F36 /* Debug */,
				1CC7793A1CE9F71E00CE8F36 /* Release */,
			);
			defaultConfigurationIsVisible = 0;
		};
/* End XCConfigurationList section */
	};
	rootObject = 1CC7791E1CE9F71E00CE8F36 /* Project object */;
}
